// !$*UTF8*$!
{
	archiveVersion = 1;
	classes = {
	};
	objectVersion = 55;
	objects = {

/* Begin PBXBuildFile section */
		4EE9A9F7273CF28400458E24 /* AppDelegate.swift in Sources */ = {isa = PBXBuildFile; fileRef = 4EE9A9F6273CF28400458E24 /* AppDelegate.swift */; };
		4EE9A9F9273CF28400458E24 /* SceneDelegate.swift in Sources */ = {isa = PBXBuildFile; fileRef = 4EE9A9F8273CF28400458E24 /* SceneDelegate.swift */; };
		4EE9A9FB273CF28400458E24 /* LoginViewController.swift in Sources */ = {isa = PBXBuildFile; fileRef = 4EE9A9FA273CF28400458E24 /* LoginViewController.swift */; };
		4EE9A9FE273CF28400458E24 /* Main.storyboard in Resources */ = {isa = PBXBuildFile; fileRef = 4EE9A9FC273CF28400458E24 /* Main.storyboard */; };
		4EE9AA00273CF28500458E24 /* Assets.xcassets in Resources */ = {isa = PBXBuildFile; fileRef = 4EE9A9FF273CF28500458E24 /* Assets.xcassets */; };
		4EE9AA03273CF28500458E24 /* LaunchScreen.storyboard in Resources */ = {isa = PBXBuildFile; fileRef = 4EE9AA01273CF28500458E24 /* LaunchScreen.storyboard */; };
		4EE9AA0E273CF28500458E24 /* GroceriesTests.swift in Sources */ = {isa = PBXBuildFile; fileRef = 4EE9AA0D273CF28500458E24 /* GroceriesTests.swift */; };
		4EE9AA18273CF28500458E24 /* GroceriesUITests.swift in Sources */ = {isa = PBXBuildFile; fileRef = 4EE9AA17273CF28500458E24 /* GroceriesUITests.swift */; };
		4EE9AA1A273CF28500458E24 /* GroceriesUITestsLaunchTests.swift in Sources */ = {isa = PBXBuildFile; fileRef = 4EE9AA19273CF28500458E24 /* GroceriesUITestsLaunchTests.swift */; };
		4EE9AA27273CF3D600458E24 /* GroceriesViewController.swift in Sources */ = {isa = PBXBuildFile; fileRef = 4EE9AA26273CF3D600458E24 /* GroceriesViewController.swift */; };
		4EE9AA29273CF58E00458E24 /* FamilyViewController.swift in Sources */ = {isa = PBXBuildFile; fileRef = 4EE9AA28273CF58E00458E24 /* FamilyViewController.swift */; };
		4EE9AA2B273CF59B00458E24 /* RegisterViewController.swift in Sources */ = {isa = PBXBuildFile; fileRef = 4EE9AA2A273CF59B00458E24 /* RegisterViewController.swift */; };
		4EE9AA2E273CF80C00458E24 /* FirebaseAuth in Frameworks */ = {isa = PBXBuildFile; productRef = 4EE9AA2D273CF80C00458E24 /* FirebaseAuth */; };
		4EE9AA30273CF80C00458E24 /* FirebaseDatabase in Frameworks */ = {isa = PBXBuildFile; productRef = 4EE9AA2F273CF80C00458E24 /* FirebaseDatabase */; };
		4EE9AA32273CF80C00458E24 /* FirebaseDatabaseSwift-Beta in Frameworks */ = {isa = PBXBuildFile; productRef = 4EE9AA31273CF80C00458E24 /* FirebaseDatabaseSwift-Beta */; };
/* End PBXBuildFile section */

/* Begin PBXContainerItemProxy section */
		4EE9AA0A273CF28500458E24 /* PBXContainerItemProxy */ = {
			isa = PBXContainerItemProxy;
			containerPortal = 4EE9A9EB273CF28400458E24 /* Project object */;
			proxyType = 1;
			remoteGlobalIDString = 4EE9A9F2273CF28400458E24;
			remoteInfo = Groceries;
		};
		4EE9AA14273CF28500458E24 /* PBXContainerItemProxy */ = {
			isa = PBXContainerItemProxy;
			containerPortal = 4EE9A9EB273CF28400458E24 /* Project object */;
			proxyType = 1;
			remoteGlobalIDString = 4EE9A9F2273CF28400458E24;
			remoteInfo = Groceries;
		};
/* End PBXContainerItemProxy section */

/* Begin PBXFileReference section */
		4EE9A9F3273CF28400458E24 /* Groceries.app */ = {isa = PBXFileReference; explicitFileType = wrapper.application; includeInIndex = 0; path = Groceries.app; sourceTree = BUILT_PRODUCTS_DIR; };
		4EE9A9F6273CF28400458E24 /* AppDelegate.swift */ = {isa = PBXFileReference; lastKnownFileType = sourcecode.swift; path = AppDelegate.swift; sourceTree = "<group>"; };
		4EE9A9F8273CF28400458E24 /* SceneDelegate.swift */ = {isa = PBXFileReference; lastKnownFileType = sourcecode.swift; path = SceneDelegate.swift; sourceTree = "<group>"; };
		4EE9A9FA273CF28400458E24 /* LoginViewController.swift */ = {isa = PBXFileReference; lastKnownFileType = sourcecode.swift; path = LoginViewController.swift; sourceTree = "<group>"; };
		4EE9A9FD273CF28400458E24 /* Base */ = {isa = PBXFileReference; lastKnownFileType = file.storyboard; name = Base; path = Base.lproj/Main.storyboard; sourceTree = "<group>"; };
		4EE9A9FF273CF28500458E24 /* Assets.xcassets */ = {isa = PBXFileReference; lastKnownFileType = folder.assetcatalog; path = Assets.xcassets; sourceTree = "<group>"; };
		4EE9AA02273CF28500458E24 /* Base */ = {isa = PBXFileReference; lastKnownFileType = file.storyboard; name = Base; path = Base.lproj/LaunchScreen.storyboard; sourceTree = "<group>"; };
		4EE9AA04273CF28500458E24 /* Info.plist */ = {isa = PBXFileReference; lastKnownFileType = text.plist.xml; path = Info.plist; sourceTree = "<group>"; };
		4EE9AA09273CF28500458E24 /* GroceriesTests.xctest */ = {isa = PBXFileReference; explicitFileType = wrapper.cfbundle; includeInIndex = 0; path = GroceriesTests.xctest; sourceTree = BUILT_PRODUCTS_DIR; };
		4EE9AA0D273CF28500458E24 /* GroceriesTests.swift */ = {isa = PBXFileReference; lastKnownFileType = sourcecode.swift; path = GroceriesTests.swift; sourceTree = "<group>"; };
		4EE9AA13273CF28500458E24 /* GroceriesUITests.xctest */ = {isa = PBXFileReference; explicitFileType = wrapper.cfbundle; includeInIndex = 0; path = GroceriesUITests.xctest; sourceTree = BUILT_PRODUCTS_DIR; };
		4EE9AA17273CF28500458E24 /* GroceriesUITests.swift */ = {isa = PBXFileReference; lastKnownFileType = sourcecode.swift; path = GroceriesUITests.swift; sourceTree = "<group>"; };
		4EE9AA19273CF28500458E24 /* GroceriesUITestsLaunchTests.swift */ = {isa = PBXFileReference; lastKnownFileType = sourcecode.swift; path = GroceriesUITestsLaunchTests.swift; sourceTree = "<group>"; };
		4EE9AA26273CF3D600458E24 /* GroceriesViewController.swift */ = {isa = PBXFileReference; lastKnownFileType = sourcecode.swift; path = GroceriesViewController.swift; sourceTree = "<group>"; };
		4EE9AA28273CF58E00458E24 /* FamilyViewController.swift */ = {isa = PBXFileReference; lastKnownFileType = sourcecode.swift; path = FamilyViewController.swift; sourceTree = "<group>"; };
		4EE9AA2A273CF59B00458E24 /* RegisterViewController.swift */ = {isa = PBXFileReference; lastKnownFileType = sourcecode.swift; path = RegisterViewController.swift; sourceTree = "<group>"; };
/* End PBXFileReference section */

/* Begin PBXFrameworksBuildPhase section */
		4EE9A9F0273CF28400458E24 /* Frameworks */ = {
			isa = PBXFrameworksBuildPhase;
			buildActionMask = 2147483647;
			files = (
				4EE9AA32273CF80C00458E24 /* FirebaseDatabaseSwift-Beta in Frameworks */,
				4EE9AA30273CF80C00458E24 /* FirebaseDatabase in Frameworks */,
				4EE9AA2E273CF80C00458E24 /* FirebaseAuth in Frameworks */,
			);
			runOnlyForDeploymentPostprocessing = 0;
		};
		4EE9AA06273CF28500458E24 /* Frameworks */ = {
			isa = PBXFrameworksBuildPhase;
			buildActionMask = 2147483647;
			files = (
			);
			runOnlyForDeploymentPostprocessing = 0;
		};
		4EE9AA10273CF28500458E24 /* Frameworks */ = {
			isa = PBXFrameworksBuildPhase;
			buildActionMask = 2147483647;
			files = (
			);
			runOnlyForDeploymentPostprocessing = 0;
		};
/* End PBXFrameworksBuildPhase section */

/* Begin PBXGroup section */
		4EE9A9EA273CF28400458E24 = {
			isa = PBXGroup;
			children = (
				4EE9A9F5273CF28400458E24 /* Groceries */,
				4EE9AA0C273CF28500458E24 /* GroceriesTests */,
				4EE9AA16273CF28500458E24 /* GroceriesUITests */,
				4EE9A9F4273CF28400458E24 /* Products */,
			);
			sourceTree = "<group>";
		};
		4EE9A9F4273CF28400458E24 /* Products */ = {
			isa = PBXGroup;
			children = (
				4EE9A9F3273CF28400458E24 /* Groceries.app */,
				4EE9AA09273CF28500458E24 /* GroceriesTests.xctest */,
				4EE9AA13273CF28500458E24 /* GroceriesUITests.xctest */,
			);
			name = Products;
			sourceTree = "<group>";
		};
		4EE9A9F5273CF28400458E24 /* Groceries */ = {
			isa = PBXGroup;
			children = (
				4EE9A9F6273CF28400458E24 /* AppDelegate.swift */,
				4EE9A9F8273CF28400458E24 /* SceneDelegate.swift */,
				4EE9A9FA273CF28400458E24 /* LoginViewController.swift */,
				4EE9AA28273CF58E00458E24 /* FamilyViewController.swift */,
				4EE9AA2A273CF59B00458E24 /* RegisterViewController.swift */,
				4EE9AA26273CF3D600458E24 /* GroceriesViewController.swift */,
				4EE9A9FC273CF28400458E24 /* Main.storyboard */,
				4EE9A9FF273CF28500458E24 /* Assets.xcassets */,
				4EE9AA01273CF28500458E24 /* LaunchScreen.storyboard */,
				4EE9AA04273CF28500458E24 /* Info.plist */,
			);
			path = Groceries;
			sourceTree = "<group>";
		};
		4EE9AA0C273CF28500458E24 /* GroceriesTests */ = {
			isa = PBXGroup;
			children = (
				4EE9AA0D273CF28500458E24 /* GroceriesTests.swift */,
			);
			path = GroceriesTests;
			sourceTree = "<group>";
		};
		4EE9AA16273CF28500458E24 /* GroceriesUITests */ = {
			isa = PBXGroup;
			children = (
				4EE9AA17273CF28500458E24 /* GroceriesUITests.swift */,
				4EE9AA19273CF28500458E24 /* GroceriesUITestsLaunchTests.swift */,
			);
			path = GroceriesUITests;
			sourceTree = "<group>";
		};
/* End PBXGroup section */

/* Begin PBXNativeTarget section */
		4EE9A9F2273CF28400458E24 /* Groceries */ = {
			isa = PBXNativeTarget;
			buildConfigurationList = 4EE9AA1D273CF28500458E24 /* Build configuration list for PBXNativeTarget "Groceries" */;
			buildPhases = (
				4EE9A9EF273CF28400458E24 /* Sources */,
				4EE9A9F0273CF28400458E24 /* Frameworks */,
				4EE9A9F1273CF28400458E24 /* Resources */,
			);
			buildRules = (
			);
			dependencies = (
			);
			name = Groceries;
			packageProductDependencies = (
				4EE9AA2D273CF80C00458E24 /* FirebaseAuth */,
				4EE9AA2F273CF80C00458E24 /* FirebaseDatabase */,
				4EE9AA31273CF80C00458E24 /* FirebaseDatabaseSwift-Beta */,
			);
			productName = Groceries;
			productReference = 4EE9A9F3273CF28400458E24 /* Groceries.app */;
			productType = "com.apple.product-type.application";
		};
		4EE9AA08273CF28500458E24 /* GroceriesTests */ = {
			isa = PBXNativeTarget;
			buildConfigurationList = 4EE9AA20273CF28500458E24 /* Build configuration list for PBXNativeTarget "GroceriesTests" */;
			buildPhases = (
				4EE9AA05273CF28500458E24 /* Sources */,
				4EE9AA06273CF28500458E24 /* Frameworks */,
				4EE9AA07273CF28500458E24 /* Resources */,
			);
			buildRules = (
			);
			dependencies = (
				4EE9AA0B273CF28500458E24 /* PBXTargetDependency */,
			);
			name = GroceriesTests;
			productName = GroceriesTests;
			productReference = 4EE9AA09273CF28500458E24 /* GroceriesTests.xctest */;
			productType = "com.apple.product-type.bundle.unit-test";
		};
		4EE9AA12273CF28500458E24 /* GroceriesUITests */ = {
			isa = PBXNativeTarget;
			buildConfigurationList = 4EE9AA23273CF28500458E24 /* Build configuration list for PBXNativeTarget "GroceriesUITests" */;
			buildPhases = (
				4EE9AA0F273CF28500458E24 /* Sources */,
				4EE9AA10273CF28500458E24 /* Frameworks */,
				4EE9AA11273CF28500458E24 /* Resources */,
			);
			buildRules = (
			);
			dependencies = (
				4EE9AA15273CF28500458E24 /* PBXTargetDependency */,
			);
			name = GroceriesUITests;
			productName = GroceriesUITests;
			productReference = 4EE9AA13273CF28500458E24 /* GroceriesUITests.xctest */;
			productType = "com.apple.product-type.bundle.ui-testing";
		};
/* End PBXNativeTarget section */

/* Begin PBXProject section */
		4EE9A9EB273CF28400458E24 /* Project object */ = {
			isa = PBXProject;
			attributes = {
				BuildIndependentTargetsInParallel = 1;
				LastSwiftUpdateCheck = 1300;
				LastUpgradeCheck = 1300;
				TargetAttributes = {
					4EE9A9F2273CF28400458E24 = {
						CreatedOnToolsVersion = 13.0;
					};
					4EE9AA08273CF28500458E24 = {
						CreatedOnToolsVersion = 13.0;
						TestTargetID = 4EE9A9F2273CF28400458E24;
					};
					4EE9AA12273CF28500458E24 = {
						CreatedOnToolsVersion = 13.0;
						TestTargetID = 4EE9A9F2273CF28400458E24;
					};
				};
			};
			buildConfigurationList = 4EE9A9EE273CF28400458E24 /* Build configuration list for PBXProject "Groceries" */;
			compatibilityVersion = "Xcode 13.0";
			developmentRegion = en;
			hasScannedForEncodings = 0;
			knownRegions = (
				en,
				Base,
			);
			mainGroup = 4EE9A9EA273CF28400458E24;
			packageReferences = (
				4EE9AA2C273CF80C00458E24 /* XCRemoteSwiftPackageReference "firebase-ios-sdk" */,
			);
			productRefGroup = 4EE9A9F4273CF28400458E24 /* Products */;
			projectDirPath = "";
			projectRoot = "";
			targets = (
				4EE9A9F2273CF28400458E24 /* Groceries */,
				4EE9AA08273CF28500458E24 /* GroceriesTests */,
				4EE9AA12273CF28500458E24 /* GroceriesUITests */,
			);
		};
/* End PBXProject section */

/* Begin PBXResourcesBuildPhase section */
		4EE9A9F1273CF28400458E24 /* Resources */ = {
			isa = PBXResourcesBuildPhase;
			buildActionMask = 2147483647;
			files = (
				4EE9AA03273CF28500458E24 /* LaunchScreen.storyboard in Resources */,
				4EE9AA00273CF28500458E24 /* Assets.xcassets in Resources */,
				4EE9A9FE273CF28400458E24 /* Main.storyboard in Resources */,
			);
			runOnlyForDeploymentPostprocessing = 0;
		};
		4EE9AA07273CF28500458E24 /* Resources */ = {
			isa = PBXResourcesBuildPhase;
			buildActionMask = 2147483647;
			files = (
			);
			runOnlyForDeploymentPostprocessing = 0;
		};
		4EE9AA11273CF28500458E24 /* Resources */ = {
			isa = PBXResourcesBuildPhase;
			buildActionMask = 2147483647;
			files = (
			);
			runOnlyForDeploymentPostprocessing = 0;
		};
/* End PBXResourcesBuildPhase section */

/* Begin PBXSourcesBuildPhase section */
		4EE9A9EF273CF28400458E24 /* Sources */ = {
			isa = PBXSourcesBuildPhase;
			buildActionMask = 2147483647;
			files = (
				4EE9A9FB273CF28400458E24 /* LoginViewController.swift in Sources */,
				4EE9A9F7273CF28400458E24 /* AppDelegate.swift in Sources */,
				4EE9AA27273CF3D600458E24 /* GroceriesViewController.swift in Sources */,
				4EE9AA2B273CF59B00458E24 /* RegisterViewController.swift in Sources */,
				4EE9A9F9273CF28400458E24 /* SceneDelegate.swift in Sources */,
				4EE9AA29273CF58E00458E24 /* FamilyViewController.swift in Sources */,
			);
			runOnlyForDeploymentPostprocessing = 0;
		};
		4EE9AA05273CF28500458E24 /* Sources */ = {
			isa = PBXSourcesBuildPhase;
			buildActionMask = 2147483647;
			files = (
				4EE9AA0E273CF28500458E24 /* GroceriesTests.swift in Sources */,
			);
			runOnlyForDeploymentPostprocessing = 0;
		};
		4EE9AA0F273CF28500458E24 /* Sources */ = {
			isa = PBXSourcesBuildPhase;
			buildActionMask = 2147483647;
			files = (
				4EE9AA1A273CF28500458E24 /* GroceriesUITestsLaunchTests.swift in Sources */,
				4EE9AA18273CF28500458E24 /* GroceriesUITests.swift in Sources */,
			);
			runOnlyForDeploymentPostprocessing = 0;
		};
/* End PBXSourcesBuildPhase section */

/* Begin PBXTargetDependency section */
		4EE9AA0B273CF28500458E24 /* PBXTargetDependency */ = {
			isa = PBXTargetDependency;
			target = 4EE9A9F2273CF28400458E24 /* Groceries */;
			targetProxy = 4EE9AA0A273CF28500458E24 /* PBXContainerItemProxy */;
		};
		4EE9AA15273CF28500458E24 /* PBXTargetDependency */ = {
			isa = PBXTargetDependency;
			target = 4EE9A9F2273CF28400458E24 /* Groceries */;
			targetProxy = 4EE9AA14273CF28500458E24 /* PBXContainerItemProxy */;
		};
/* End PBXTargetDependency section */

/* Begin PBXVariantGroup section */
		4EE9A9FC273CF28400458E24 /* Main.storyboard */ = {
			isa = PBXVariantGroup;
			children = (
				4EE9A9FD273CF28400458E24 /* Base */,
			);
			name = Main.storyboard;
			sourceTree = "<group>";
		};
		4EE9AA01273CF28500458E24 /* LaunchScreen.storyboard */ = {
			isa = PBXVariantGroup;
			children = (
				4EE9AA02273CF28500458E24 /* Base */,
			);
			name = LaunchScreen.storyboard;
			sourceTree = "<group>";
		};
/* End PBXVariantGroup section */

/* Begin XCBuildConfiguration section */
		4EE9AA1B273CF28500458E24 /* Debug */ = {
			isa = XCBuildConfiguration;
			buildSettings = {
				ALWAYS_SEARCH_USER_PATHS = NO;
				CLANG_ANALYZER_NONNULL = YES;
				CLANG_ANALYZER_NUMBER_OBJECT_CONVERSION = YES_AGGRESSIVE;
				CLANG_CXX_LANGUAGE_STANDARD = "gnu++17";
				CLANG_CXX_LIBRARY = "libc++";
				CLANG_ENABLE_MODULES = YES;
				CLANG_ENABLE_OBJC_ARC = YES;
				CLANG_ENABLE_OBJC_WEAK = YES;
				CLANG_WARN_BLOCK_CAPTURE_AUTORELEASING = YES;
				CLANG_WARN_BOOL_CONVERSION = YES;
				CLANG_WARN_COMMA = YES;
				CLANG_WARN_CONSTANT_CONVERSION = YES;
				CLANG_WARN_DEPRECATED_OBJC_IMPLEMENTATIONS = YES;
				CLANG_WARN_DIRECT_OBJC_ISA_USAGE = YES_ERROR;
				CLANG_WARN_DOCUMENTATION_COMMENTS = YES;
				CLANG_WARN_EMPTY_BODY = YES;
				CLANG_WARN_ENUM_CONVERSION = YES;
				CLANG_WARN_INFINITE_RECURSION = YES;
				CLANG_WARN_INT_CONVERSION = YES;
				CLANG_WARN_NON_LITERAL_NULL_CONVERSION = YES;
				CLANG_WARN_OBJC_IMPLICIT_RETAIN_SELF = YES;
				CLANG_WARN_OBJC_LITERAL_CONVERSION = YES;
				CLANG_WARN_OBJC_ROOT_CLASS = YES_ERROR;
				CLANG_WARN_QUOTED_INCLUDE_IN_FRAMEWORK_HEADER = YES;
				CLANG_WARN_RANGE_LOOP_ANALYSIS = YES;
				CLANG_WARN_STRICT_PROTOTYPES = YES;
				CLANG_WARN_SUSPICIOUS_MOVE = YES;
				CLANG_WARN_UNGUARDED_AVAILABILITY = YES_AGGRESSIVE;
				CLANG_WARN_UNREACHABLE_CODE = YES;
				CLANG_WARN__DUPLICATE_METHOD_MATCH = YES;
				COPY_PHASE_STRIP = NO;
				DEBUG_INFORMATION_FORMAT = dwarf;
				ENABLE_STRICT_OBJC_MSGSEND = YES;
				ENABLE_TESTABILITY = YES;
				GCC_C_LANGUAGE_STANDARD = gnu11;
				GCC_DYNAMIC_NO_PIC = NO;
				GCC_NO_COMMON_BLOCKS = YES;
				GCC_OPTIMIZATION_LEVEL = 0;
				GCC_PREPROCESSOR_DEFINITIONS = (
					"DEBUG=1",
					"$(inherited)",
				);
				GCC_WARN_64_TO_32_BIT_CONVERSION = YES;
				GCC_WARN_ABOUT_RETURN_TYPE = YES_ERROR;
				GCC_WARN_UNDECLARED_SELECTOR = YES;
				GCC_WARN_UNINITIALIZED_AUTOS = YES_AGGRESSIVE;
				GCC_WARN_UNUSED_FUNCTION = YES;
				GCC_WARN_UNUSED_VARIABLE = YES;
				IPHONEOS_DEPLOYMENT_TARGET = 15.0;
				MTL_ENABLE_DEBUG_INFO = INCLUDE_SOURCE;
				MTL_FAST_MATH = YES;
				ONLY_ACTIVE_ARCH = YES;
				SDKROOT = iphoneos;
				SWIFT_ACTIVE_COMPILATION_CONDITIONS = DEBUG;
				SWIFT_OPTIMIZATION_LEVEL = "-Onone";
			};
			name = Debug;
		};
		4EE9AA1C273CF28500458E24 /* Release */ = {
			isa = XCBuildConfiguration;
			buildSettings = {
				ALWAYS_SEARCH_USER_PATHS = NO;
				CLANG_ANALYZER_NONNULL = YES;
				CLANG_ANALYZER_NUMBER_OBJECT_CONVERSION = YES_AGGRESSIVE;
				CLANG_CXX_LANGUAGE_STANDARD = "gnu++17";
				CLANG_CXX_LIBRARY = "libc++";
				CLANG_ENABLE_MODULES = YES;
				CLANG_ENABLE_OBJC_ARC = YES;
				CLANG_ENABLE_OBJC_WEAK = YES;
				CLANG_WARN_BLOCK_CAPTURE_AUTORELEASING = YES;
				CLANG_WARN_BOOL_CONVERSION = YES;
				CLANG_WARN_COMMA = YES;
				CLANG_WARN_CONSTANT_CONVERSION = YES;
				CLANG_WARN_DEPRECATED_OBJC_IMPLEMENTATIONS = YES;
				CLANG_WARN_DIRECT_OBJC_ISA_USAGE = YES_ERROR;
				CLANG_WARN_DOCUMENTATION_COMMENTS = YES;
				CLANG_WARN_EMPTY_BODY = YES;
				CLANG_WARN_ENUM_CONVERSION = YES;
				CLANG_WARN_INFINITE_RECURSION = YES;
				CLANG_WARN_INT_CONVERSION = YES;
				CLANG_WARN_NON_LITERAL_NULL_CONVERSION = YES;
				CLANG_WARN_OBJC_IMPLICIT_RETAIN_SELF = YES;
				CLANG_WARN_OBJC_LITERAL_CONVERSION = YES;
				CLANG_WARN_OBJC_ROOT_CLASS = YES_ERROR;
				CLANG_WARN_QUOTED_INCLUDE_IN_FRAMEWORK_HEADER = YES;
				CLANG_WARN_RANGE_LOOP_ANALYSIS = YES;
				CLANG_WARN_STRICT_PROTOTYPES = YES;
				CLANG_WARN_SUSPICIOUS_MOVE = YES;
				CLANG_WARN_UNGUARDED_AVAILABILITY = YES_AGGRESSIVE;
				CLANG_WARN_UNREACHABLE_CODE = YES;
				CLANG_WARN__DUPLICATE_METHOD_MATCH = YES;
				COPY_PHASE_STRIP = NO;
				DEBUG_INFORMATION_FORMAT = "dwarf-with-dsym";
				ENABLE_NS_ASSERTIONS = NO;
				ENABLE_STRICT_OBJC_MSGSEND = YES;
				GCC_C_LANGUAGE_STANDARD = gnu11;
				GCC_NO_COMMON_BLOCKS = YES;
				GCC_WARN_64_TO_32_BIT_CONVERSION = YES;
				GCC_WARN_ABOUT_RETURN_TYPE = YES_ERROR;
				GCC_WARN_UNDECLARED_SELECTOR = YES;
				GCC_WARN_UNINITIALIZED_AUTOS = YES_AGGRESSIVE;
				GCC_WARN_UNUSED_FUNCTION = YES;
				GCC_WARN_UNUSED_VARIABLE = YES;
				IPHONEOS_DEPLOYMENT_TARGET = 15.0;
				MTL_ENABLE_DEBUG_INFO = NO;
				MTL_FAST_MATH = YES;
				SDKROOT = iphoneos;
				SWIFT_COMPILATION_MODE = wholemodule;
				SWIFT_OPTIMIZATION_LEVEL = "-O";
				VALIDATE_PRODUCT = YES;
			};
			name = Release;
		};
		4EE9AA1E273CF28500458E24 /* Debug */ = {
			isa = XCBuildConfiguration;
			buildSettings = {
				ASSETCATALOG_COMPILER_APPICON_NAME = AppIcon;
				ASSETCATALOG_COMPILER_GLOBAL_ACCENT_COLOR_NAME = AccentColor;
				CODE_SIGN_STYLE = Automatic;
				CURRENT_PROJECT_VERSION = 1;
				DEVELOPMENT_TEAM = 99FHHVY5LH;
				GENERATE_INFOPLIST_FILE = YES;
				INFOPLIST_FILE = Groceries/Info.plist;
				INFOPLIST_KEY_UIApplicationSupportsIndirectInputEvents = YES;
				INFOPLIST_KEY_UILaunchStoryboardName = LaunchScreen;
				INFOPLIST_KEY_UIMainStoryboardFile = Main;
				INFOPLIST_KEY_UISupportedInterfaceOrientations_iPad = "UIInterfaceOrientationPortrait UIInterfaceOrientationPortraitUpsideDown UIInterfaceOrientationLandscapeLeft UIInterfaceOrientationLandscapeRight";
				INFOPLIST_KEY_UISupportedInterfaceOrientations_iPhone = "UIInterfaceOrientationPortrait UIInterfaceOrientationLandscapeLeft UIInterfaceOrientationLandscapeRight";
				LD_RUNPATH_SEARCH_PATHS = (
					"$(inherited)",
					"@executable_path/Frameworks",
				);
				MARKETING_VERSION = 1.0;
				PRODUCT_BUNDLE_IDENTIFIER = co.kibetarusey.Groceries;
				PRODUCT_NAME = "$(TARGET_NAME)";
				SWIFT_EMIT_LOC_STRINGS = YES;
				SWIFT_VERSION = 5.0;
				TARGETED_DEVICE_FAMILY = "1,2";
			};
			name = Debug;
		};
		4EE9AA1F273CF28500458E24 /* Release */ = {
			isa = XCBuildConfiguration;
			buildSettings = {
				ASSETCATALOG_COMPILER_APPICON_NAME = AppIcon;
				ASSETCATALOG_COMPILER_GLOBAL_ACCENT_COLOR_NAME = AccentColor;
				CODE_SIGN_STYLE = Automatic;
				CURRENT_PROJECT_VERSION = 1;
				DEVELOPMENT_TEAM = 99FHHVY5LH;
				GENERATE_INFOPLIST_FILE = YES;
				INFOPLIST_FILE = Groceries/Info.plist;
				INFOPLIST_KEY_UIApplicationSupportsIndirectInputEvents = YES;
				INFOPLIST_KEY_UILaunchStoryboardName = LaunchScreen;
				INFOPLIST_KEY_UIMainStoryboardFile = Main;
				INFOPLIST_KEY_UISupportedInterfaceOrientations_iPad = "UIInterfaceOrientationPortrait UIInterfaceOrientationPortraitUpsideDown UIInterfaceOrientationLandscapeLeft UIInterfaceOrientationLandscapeRight";
				INFOPLIST_KEY_UISupportedInterfaceOrientations_iPhone = "UIInterfaceOrientationPortrait UIInterfaceOrientationLandscapeLeft UIInterfaceOrientationLandscapeRight";
				LD_RUNPATH_SEARCH_PATHS = (
					"$(inherited)",
					"@executable_path/Frameworks",
				);
				MARKETING_VERSION = 1.0;
				PRODUCT_BUNDLE_IDENTIFIER = co.kibetarusey.Groceries;
				PRODUCT_NAME = "$(TARGET_NAME)";
				SWIFT_EMIT_LOC_STRINGS = YES;
				SWIFT_VERSION = 5.0;
				TARGETED_DEVICE_FAMILY = "1,2";
			};
			name = Release;
		};
		4EE9AA21273CF28500458E24 /* Debug */ = {
			isa = XCBuildConfiguration;
			buildSettings = {
				ALWAYS_EMBED_SWIFT_STANDARD_LIBRARIES = YES;
				BUNDLE_LOADER = "$(TEST_HOST)";
				CODE_SIGN_STYLE = Automatic;
				CURRENT_PROJECT_VERSION = 1;
				DEVELOPMENT_TEAM = 99FHHVY5LH;
				GENERATE_INFOPLIST_FILE = YES;
				IPHONEOS_DEPLOYMENT_TARGET = 15.0;
				LD_RUNPATH_SEARCH_PATHS = (
					"$(inherited)",
					"@executable_path/Frameworks",
					"@loader_path/Frameworks",
				);
				MARKETING_VERSION = 1.0;
				PRODUCT_BUNDLE_IDENTIFIER = co.kibetarusey.GroceriesTests;
				PRODUCT_NAME = "$(TARGET_NAME)";
				SWIFT_EMIT_LOC_STRINGS = NO;
				SWIFT_VERSION = 5.0;
				TARGETED_DEVICE_FAMILY = "1,2";
				TEST_HOST = "$(BUILT_PRODUCTS_DIR)/Groceries.app/Groceries";
			};
			name = Debug;
		};
		4EE9AA22273CF28500458E24 /* Release */ = {
			isa = XCBuildConfiguration;
			buildSettings = {
				ALWAYS_EMBED_SWIFT_STANDARD_LIBRARIES = YES;
				BUNDLE_LOADER = "$(TEST_HOST)";
				CODE_SIGN_STYLE = Automatic;
				CURRENT_PROJECT_VERSION = 1;
				DEVELOPMENT_TEAM = 99FHHVY5LH;
				GENERATE_INFOPLIST_FILE = YES;
				IPHONEOS_DEPLOYMENT_TARGET = 15.0;
				LD_RUNPATH_SEARCH_PATHS = (
					"$(inherited)",
					"@executable_path/Frameworks",
					"@loader_path/Frameworks",
				);
				MARKETING_VERSION = 1.0;
				PRODUCT_BUNDLE_IDENTIFIER = co.kibetarusey.GroceriesTests;
				PRODUCT_NAME = "$(TARGET_NAME)";
				SWIFT_EMIT_LOC_STRINGS = NO;
				SWIFT_VERSION = 5.0;
				TARGETED_DEVICE_FAMILY = "1,2";
				TEST_HOST = "$(BUILT_PRODUCTS_DIR)/Groceries.app/Groceries";
			};
			name = Release;
		};
		4EE9AA24273CF28500458E24 /* Debug */ = {
			isa = XCBuildConfiguration;
			buildSettings = {
				ALWAYS_EMBED_SWIFT_STANDARD_LIBRARIES = YES;
				CODE_SIGN_STYLE = Automatic;
				CURRENT_PROJECT_VERSION = 1;
				DEVELOPMENT_TEAM = 99FHHVY5LH;
				GENERATE_INFOPLIST_FILE = YES;
				LD_RUNPATH_SEARCH_PATHS = (
					"$(inherited)",
					"@executable_path/Frameworks",
					"@loader_path/Frameworks",
				);
				MARKETING_VERSION = 1.0;
				PRODUCT_BUNDLE_IDENTIFIER = co.kibetarusey.GroceriesUITests;
				PRODUCT_NAME = "$(TARGET_NAME)";
				SWIFT_EMIT_LOC_STRINGS = NO;
				SWIFT_VERSION = 5.0;
				TARGETED_DEVICE_FAMILY = "1,2";
				TEST_TARGET_NAME = Groceries;
			};
			name = Debug;
		};
		4EE9AA25273CF28500458E24 /* Release */ = {
			isa = XCBuildConfiguration;
			buildSettings = {
				ALWAYS_EMBED_SWIFT_STANDARD_LIBRARIES = YES;
				CODE_SIGN_STYLE = Automatic;
				CURRENT_PROJECT_VERSION = 1;
				DEVELOPMENT_TEAM = 99FHHVY5LH;
				GENERATE_INFOPLIST_FILE = YES;
				LD_RUNPATH_SEARCH_PATHS = (
					"$(inherited)",
					"@executable_path/Frameworks",
					"@loader_path/Frameworks",
				);
				MARKETING_VERSION = 1.0;
				PRODUCT_BUNDLE_IDENTIFIER = co.kibetarusey.GroceriesUITests;
				PRODUCT_NAME = "$(TARGET_NAME)";
				SWIFT_EMIT_LOC_STRINGS = NO;
				SWIFT_VERSION = 5.0;
				TARGETED_DEVICE_FAMILY = "1,2";
				TEST_TARGET_NAME = Groceries;
			};
			name = Release;
		};
/* End XCBuildConfiguration section */

/* Begin XCConfigurationList section */
		4EE9A9EE273CF28400458E24 /* Build configuration list for PBXProject "Groceries" */ = {
			isa = XCConfigurationList;
			buildConfigurations = (
				4EE9AA1B273CF28500458E24 /* Debug */,
				4EE9AA1C273CF28500458E24 /* Release */,
			);
			defaultConfigurationIsVisible = 0;
			defaultConfigurationName = Release;
		};
		4EE9AA1D273CF28500458E24 /* Build configuration list for PBXNativeTarget "Groceries" */ = {
			isa = XCConfigurationList;
			buildConfigurations = (
				4EE9AA1E273CF28500458E24 /* Debug */,
				4EE9AA1F273CF28500458E24 /* Release */,
			);
			defaultConfigurationIsVisible = 0;
			defaultConfigurationName = Release;
		};
		4EE9AA20273CF28500458E24 /* Build configuration list for PBXNativeTarget "GroceriesTests" */ = {
			isa = XCConfigurationList;
			buildConfigurations = (
				4EE9AA21273CF28500458E24 /* Debug */,
				4EE9AA22273CF28500458E24 /* Release */,
			);
			defaultConfigurationIsVisible = 0;
			defaultConfigurationName = Release;
		};
		4EE9AA23273CF28500458E24 /* Build configuration list for PBXNativeTarget "GroceriesUITests" */ = {
			isa = XCConfigurationList;
			buildConfigurations = (
				4EE9AA24273CF28500458E24 /* Debug */,
				4EE9AA25273CF28500458E24 /* Release */,
			);
			defaultConfigurationIsVisible = 0;
			defaultConfigurationName = Release;
		};
/* End XCConfigurationList section */

/* Begin XCRemoteSwiftPackageReference section */
		4EE9AA2C273CF80C00458E24 /* XCRemoteSwiftPackageReference "firebase-ios-sdk" */ = {
			isa = XCRemoteSwiftPackageReference;
			repositoryURL = "https://github.com/firebase/firebase-ios-sdk.git";
			requirement = {
				branch = master;
				kind = branch;
			};
		};
/* End XCRemoteSwiftPackageReference section */

/* Begin XCSwiftPackageProductDependency section */
		4EE9AA2D273CF80C00458E24 /* FirebaseAuth */ = {
			isa = XCSwiftPackageProductDependency;
			package = 4EE9AA2C273CF80C00458E24 /* XCRemoteSwiftPackageReference "firebase-ios-sdk" */;
			productName = FirebaseAuth;
		};
		4EE9AA2F273CF80C00458E24 /* FirebaseDatabase */ = {
			isa = XCSwiftPackageProductDependency;
			package = 4EE9AA2C273CF80C00458E24 /* XCRemoteSwiftPackageReference "firebase-ios-sdk" */;
			productName = FirebaseDatabase;
		};
		4EE9AA31273CF80C00458E24 /* FirebaseDatabaseSwift-Beta */ = {
			isa = XCSwiftPackageProductDependency;
			package = 4EE9AA2C273CF80C00458E24 /* XCRemoteSwiftPackageReference "firebase-ios-sdk" */;
			productName = "FirebaseDatabaseSwift-Beta";
		};
/* End XCSwiftPackageProductDependency section */
	};
	rootObject = 4EE9A9EB273CF28400458E24 /* Project object */;
}
